
Microsoft Visual Studio Solution File, Format Version 12.00
# Visual Studio Version 17
VisualStudioVersion = 17.8.34330.188
MinimumVisualStudioVersion = 10.0.40219.1
Project("{FAE04EC0-301F-11D3-BF4B-00C04F79EFBC}") = "BoneLab_TrueGear", "BoneLab_TrueGear\BoneLab_TrueGear.csproj", "{541E4EFF-7950-431A-A134-8F6BCE0F841B}"
EndProject
Global
	GlobalSection(SolutionConfigurationPlatforms) = preSolution
		Debug|Any CPU = Debug|Any CPU
		Release|Any CPU = Release|Any CPU
	EndGlobalSection
	GlobalSection(ProjectConfigurationPlatforms) = postSolution
		{541E4EFF-7950-431A-A134-8F6BCE0F841B}.Debug|Any CPU.ActiveCfg = Debug|Any CPU
		{541E4EFF-7950-431A-A134-8F6BCE0F841B}.Debug|Any CPU.Build.0 = Debug|Any CPU
		{541E4EFF-7950-431A-A134-8F6BCE0F841B}.Release|Any CPU.ActiveCfg = Release|Any CPU
		{541E4EFF-7950-431A-A134-8F6BCE0F841B}.Release|Any CPU.Build.0 = Release|Any CPU
	EndGlobalSection
	GlobalSection(SolutionProperties) = preSolution
		HideSolutionNode = FALSE
	EndGlobalSection
	GlobalSection(ExtensibilityGlobals) = postSolution
		SolutionGuid = {2648E104-A10A-4621-BBAA-AE804F0C589D}
	EndGlobalSection
EndGlobal
